
Microsoft Visual Studio Solution File, Format Version 12.00
# Visual Studio Version 17
VisualStudioVersion = 17.11.35327.3
MinimumVisualStudioVersion = 10.0.40219.1
Project("{FAE04EC0-301F-11D3-BF4B-00C04F79EFBC}") = "CursoEFCore8", "CursoEFCore8\CursoEFCore8.csproj", "{7170908B-6B3F-47E2-88D6-0FAA0C57CAB9}"
EndProject
Global
	GlobalSection(SolutionConfigurationPlatforms) = preSolution
		Debug|Any CPU = Debug|Any CPU
		Release|Any CPU = Release|Any CPU
	EndGlobalSection
	GlobalSection(ProjectConfigurationPlatforms) = postSolution
		{7170908B-6B3F-47E2-88D6-0FAA0C57CAB9}.Debug|Any CPU.ActiveCfg = Debug|Any CPU
		{7170908B-6B3F-47E2-88D6-0FAA0C57CAB9}.Debug|Any CPU.Build.0 = Debug|Any CPU
		{7170908B-6B3F-47E2-88D6-0FAA0C57CAB9}.Release|Any CPU.ActiveCfg = Release|Any CPU
		{7170908B-6B3F-47E2-88D6-0FAA0C57CAB9}.Release|Any CPU.Build.0 = Release|Any CPU
	EndGlobalSection
	GlobalSection(SolutionProperties) = preSolution
		HideSolutionNode = FALSE
	EndGlobalSection
	GlobalSection(ExtensibilityGlobals) = postSolution
		SolutionGuid = {C6D56823-7703-48D4-B2A5-AA4C542FA26C}
	EndGlobalSection
EndGlobal
